// !$*UTF8*$!
{
	archiveVersion = 1;
	classes = {
	};
	objectVersion = 55;
	objects = {

/* Begin PBXBuildFile section */
		00C2E2C0281EC5E300EEDCA6 /* FavouritePlacesApp.swift in Sources */ = {isa = PBXBuildFile; fileRef = 00C2E2BF281EC5E300EEDCA6 /* FavouritePlacesApp.swift */; };
		00C2E2C2281EC5E300EEDCA6 /* ContentView.swift in Sources */ = {isa = PBXBuildFile; fileRef = 00C2E2C1281EC5E300EEDCA6 /* ContentView.swift */; };
		00C2E2C4281EC5E400EEDCA6 /* Assets.xcassets in Resources */ = {isa = PBXBuildFile; fileRef = 00C2E2C3281EC5E400EEDCA6 /* Assets.xcassets */; };
		00C2E2C7281EC5E400EEDCA6 /* Preview Assets.xcassets in Resources */ = {isa = PBXBuildFile; fileRef = 00C2E2C6281EC5E400EEDCA6 /* Preview Assets.xcassets */; };
		00C2E2C9281EC5E400EEDCA6 /* Persistence.swift in Sources */ = {isa = PBXBuildFile; fileRef = 00C2E2C8281EC5E400EEDCA6 /* Persistence.swift */; };
		00C2E2CC281EC5E400EEDCA6 /* FavouritePlaces.xcdatamodeld in Sources */ = {isa = PBXBuildFile; fileRef = 00C2E2CA281EC5E400EEDCA6 /* FavouritePlaces.xcdatamodeld */; };
		00C2E2D6281EC5E400EEDCA6 /* FavouritePlacesTests.swift in Sources */ = {isa = PBXBuildFile; fileRef = 00C2E2D5281EC5E400EEDCA6 /* FavouritePlacesTests.swift */; };
		00C2E2E0281EC5E400EEDCA6 /* FavouritePlacesUITests.swift in Sources */ = {isa = PBXBuildFile; fileRef = 00C2E2DF281EC5E400EEDCA6 /* FavouritePlacesUITests.swift */; };
		00C2E2E2281EC5E400EEDCA6 /* FavouritePlacesUITestsLaunchTests.swift in Sources */ = {isa = PBXBuildFile; fileRef = 00C2E2E1281EC5E400EEDCA6 /* FavouritePlacesUITestsLaunchTests.swift */; };
		00F10241281FAFD300D223E8 /* MasterView.swift in Sources */ = {isa = PBXBuildFile; fileRef = 00F10240281FAFD300D223E8 /* MasterView.swift */; };
		00F10243281FB2C900D223E8 /* FavouritePlaces+ViewModel.swift in Sources */ = {isa = PBXBuildFile; fileRef = 00F10242281FB2C900D223E8 /* FavouritePlaces+ViewModel.swift */; };
		00F1024D281FBBBD00D223E8 /* RowView.swift in Sources */ = {isa = PBXBuildFile; fileRef = 00F1024C281FBBBD00D223E8 /* RowView.swift */; };
		00F1024F281FBC3E00D223E8 /* DetailView.swift in Sources */ = {isa = PBXBuildFile; fileRef = 00F1024E281FBC3E00D223E8 /* DetailView.swift */; };
/* End PBXBuildFile section */

/* Begin PBXContainerItemProxy section */
		00C2E2D2281EC5E400EEDCA6 /* PBXContainerItemProxy */ = {
			isa = PBXContainerItemProxy;
			containerPortal = 00C2E2B4281EC5E300EEDCA6 /* Project object */;
			proxyType = 1;
			remoteGlobalIDString = 00C2E2BB281EC5E300EEDCA6;
			remoteInfo = FavouritePlaces;
		};
		00C2E2DC281EC5E400EEDCA6 /* PBXContainerItemProxy */ = {
			isa = PBXContainerItemProxy;
			containerPortal = 00C2E2B4281EC5E300EEDCA6 /* Project object */;
			proxyType = 1;
			remoteGlobalIDString = 00C2E2BB281EC5E300EEDCA6;
			remoteInfo = FavouritePlaces;
		};
/* End PBXContainerItemProxy section */

/* Begin PBXFileReference section */
		00C2E2BC281EC5E300EEDCA6 /* FavouritePlaces.app */ = {isa = PBXFileReference; explicitFileType = wrapper.application; includeInIndex = 0; path = FavouritePlaces.app; sourceTree = BUILT_PRODUCTS_DIR; };
		00C2E2BF281EC5E300EEDCA6 /* FavouritePlacesApp.swift */ = {isa = PBXFileReference; lastKnownFileType = sourcecode.swift; path = FavouritePlacesApp.swift; sourceTree = "<group>"; };
		00C2E2C1281EC5E300EEDCA6 /* ContentView.swift */ = {isa = PBXFileReference; lastKnownFileType = sourcecode.swift; path = ContentView.swift; sourceTree = "<group>"; };
		00C2E2C3281EC5E400EEDCA6 /* Assets.xcassets */ = {isa = PBXFileReference; lastKnownFileType = folder.assetcatalog; path = Assets.xcassets; sourceTree = "<group>"; };
		00C2E2C6281EC5E400EEDCA6 /* Preview Assets.xcassets */ = {isa = PBXFileReference; lastKnownFileType = folder.assetcatalog; path = "Preview Assets.xcassets"; sourceTree = "<group>"; };
		00C2E2C8281EC5E400EEDCA6 /* Persistence.swift */ = {isa = PBXFileReference; lastKnownFileType = sourcecode.swift; path = Persistence.swift; sourceTree = "<group>"; };
		00C2E2CB281EC5E400EEDCA6 /* FavouritePlaces.xcdatamodel */ = {isa = PBXFileReference; lastKnownFileType = wrapper.xcdatamodel; path = FavouritePlaces.xcdatamodel; sourceTree = "<group>"; };
		00C2E2D1281EC5E400EEDCA6 /* FavouritePlacesTests.xctest */ = {isa = PBXFileReference; explicitFileType = wrapper.cfbundle; includeInIndex = 0; path = FavouritePlacesTests.xctest; sourceTree = BUILT_PRODUCTS_DIR; };
		00C2E2D5281EC5E400EEDCA6 /* FavouritePlacesTests.swift */ = {isa = PBXFileReference; lastKnownFileType = sourcecode.swift; path = FavouritePlacesTests.swift; sourceTree = "<group>"; };
		00C2E2DB281EC5E400EEDCA6 /* FavouritePlacesUITests.xctest */ = {isa = PBXFileReference; explicitFileType = wrapper.cfbundle; includeInIndex = 0; path = FavouritePlacesUITests.xctest; sourceTree = BUILT_PRODUCTS_DIR; };
		00C2E2DF281EC5E400EEDCA6 /* FavouritePlacesUITests.swift */ = {isa = PBXFileReference; lastKnownFileType = sourcecode.swift; path = FavouritePlacesUITests.swift; sourceTree = "<group>"; };
		00C2E2E1281EC5E400EEDCA6 /* FavouritePlacesUITestsLaunchTests.swift */ = {isa = PBXFileReference; lastKnownFileType = sourcecode.swift; path = FavouritePlacesUITestsLaunchTests.swift; sourceTree = "<group>"; };
		00F10240281FAFD300D223E8 /* MasterView.swift */ = {isa = PBXFileReference; lastKnownFileType = sourcecode.swift; path = MasterView.swift; sourceTree = "<group>"; };
		00F10242281FB2C900D223E8 /* FavouritePlaces+ViewModel.swift */ = {isa = PBXFileReference; lastKnownFileType = sourcecode.swift; path = "FavouritePlaces+ViewModel.swift"; sourceTree = "<group>"; };
		00F10244281FB6A400D223E8 /* FavouritePlaces+CoreDataClass.swift */ = {isa = PBXFileReference; lastKnownFileType = sourcecode.swift; name = "FavouritePlaces+CoreDataClass.swift"; path = "FavouritePlaces/Generated/FavouritePlaces+CoreDataClass.swift"; sourceTree = "<group>"; };
		00F10245281FB6A400D223E8 /* FavouritePlaces+CoreDataProperties.swift */ = {isa = PBXFileReference; lastKnownFileType = sourcecode.swift; name = "FavouritePlaces+CoreDataProperties.swift"; path = "FavouritePlaces/Generated/FavouritePlaces+CoreDataProperties.swift"; sourceTree = "<group>"; };
		00F10246281FB6A500D223E8 /* Place+CoreDataClass.swift */ = {isa = PBXFileReference; lastKnownFileType = sourcecode.swift; name = "Place+CoreDataClass.swift"; path = "FavouritePlaces/Generated/Place+CoreDataClass.swift"; sourceTree = "<group>"; };
		00F10247281FB6A500D223E8 /* Place+CoreDataProperties.swift */ = {isa = PBXFileReference; lastKnownFileType = sourcecode.swift; name = "Place+CoreDataProperties.swift"; path = "FavouritePlaces/Generated/Place+CoreDataProperties.swift"; sourceTree = "<group>"; };
		00F1024C281FBBBD00D223E8 /* RowView.swift */ = {isa = PBXFileReference; lastKnownFileType = sourcecode.swift; path = RowView.swift; sourceTree = "<group>"; };
		00F1024E281FBC3E00D223E8 /* DetailView.swift */ = {isa = PBXFileReference; lastKnownFileType = sourcecode.swift; path = DetailView.swift; sourceTree = "<group>"; };
/* End PBXFileReference section */

/* Begin PBXFrameworksBuildPhase section */
		00C2E2B9281EC5E300EEDCA6 /* Frameworks */ = {
			isa = PBXFrameworksBuildPhase;
			buildActionMask = 2147483647;
			files = (
			);
			runOnlyForDeploymentPostprocessing = 0;
		};
		00C2E2CE281EC5E400EEDCA6 /* Frameworks */ = {
			isa = PBXFrameworksBuildPhase;
			buildActionMask = 2147483647;
			files = (
			);
			runOnlyForDeploymentPostprocessing = 0;
		};
		00C2E2D8281EC5E400EEDCA6 /* Frameworks */ = {
			isa = PBXFrameworksBuildPhase;
			buildActionMask = 2147483647;
			files = (
			);
			runOnlyForDeploymentPostprocessing = 0;
		};
/* End PBXFrameworksBuildPhase section */

/* Begin PBXGroup section */
		00C2E2B3281EC5E300EEDCA6 = {
			isa = PBXGroup;
			children = (
				00F10244281FB6A400D223E8 /* FavouritePlaces+CoreDataClass.swift */,
				00F10245281FB6A400D223E8 /* FavouritePlaces+CoreDataProperties.swift */,
				00F10246281FB6A500D223E8 /* Place+CoreDataClass.swift */,
				00F10247281FB6A500D223E8 /* Place+CoreDataProperties.swift */,
				00C2E2BE281EC5E300EEDCA6 /* FavouritePlaces */,
				00C2E2D4281EC5E400EEDCA6 /* FavouritePlacesTests */,
				00C2E2DE281EC5E400EEDCA6 /* FavouritePlacesUITests */,
				00C2E2BD281EC5E300EEDCA6 /* Products */,
			);
			sourceTree = "<group>";
		};
		00C2E2BD281EC5E300EEDCA6 /* Products */ = {
			isa = PBXGroup;
			children = (
				00C2E2BC281EC5E300EEDCA6 /* FavouritePlaces.app */,
				00C2E2D1281EC5E400EEDCA6 /* FavouritePlacesTests.xctest */,
				00C2E2DB281EC5E400EEDCA6 /* FavouritePlacesUITests.xctest */,
			);
			name = Products;
			sourceTree = "<group>";
		};
		00C2E2BE281EC5E300EEDCA6 /* FavouritePlaces */ = {
			isa = PBXGroup;
			children = (
				00C2E2BF281EC5E300EEDCA6 /* FavouritePlacesApp.swift */,
				00C2E2C1281EC5E300EEDCA6 /* ContentView.swift */,
				00F10240281FAFD300D223E8 /* MasterView.swift */,
				00F1024C281FBBBD00D223E8 /* RowView.swift */,
				00F1024E281FBC3E00D223E8 /* DetailView.swift */,
				00F10242281FB2C900D223E8 /* FavouritePlaces+ViewModel.swift */,
				00C2E2C3281EC5E400EEDCA6 /* Assets.xcassets */,
				00C2E2C8281EC5E400EEDCA6 /* Persistence.swift */,
				00C2E2CA281EC5E400EEDCA6 /* FavouritePlaces.xcdatamodeld */,
				00C2E2C5281EC5E400EEDCA6 /* Preview Content */,
			);
			path = FavouritePlaces;
			sourceTree = "<group>";
		};
		00C2E2C5281EC5E400EEDCA6 /* Preview Content */ = {
			isa = PBXGroup;
			children = (
				00C2E2C6281EC5E400EEDCA6 /* Preview Assets.xcassets */,
			);
			path = "Preview Content";
			sourceTree = "<group>";
		};
		00C2E2D4281EC5E400EEDCA6 /* FavouritePlacesTests */ = {
			isa = PBXGroup;
			children = (
				00C2E2D5281EC5E400EEDCA6 /* FavouritePlacesTests.swift */,
			);
			path = FavouritePlacesTests;
			sourceTree = "<group>";
		};
		00C2E2DE281EC5E400EEDCA6 /* FavouritePlacesUITests */ = {
			isa = PBXGroup;
			children = (
				00C2E2DF281EC5E400EEDCA6 /* FavouritePlacesUITests.swift */,
				00C2E2E1281EC5E400EEDCA6 /* FavouritePlacesUITestsLaunchTests.swift */,
			);
			path = FavouritePlacesUITests;
			sourceTree = "<group>";
		};
/* End PBXGroup section */

/* Begin PBXNativeTarget section */
		00C2E2BB281EC5E300EEDCA6 /* FavouritePlaces */ = {
			isa = PBXNativeTarget;
			buildConfigurationList = 00C2E2E5281EC5E400EEDCA6 /* Build configuration list for PBXNativeTarget "FavouritePlaces" */;
			buildPhases = (
				00C2E2B8281EC5E300EEDCA6 /* Sources */,
				00C2E2B9281EC5E300EEDCA6 /* Frameworks */,
				00C2E2BA281EC5E300EEDCA6 /* Resources */,
			);
			buildRules = (
			);
			dependencies = (
			);
			name = FavouritePlaces;
			productName = FavouritePlaces;
			productReference = 00C2E2BC281EC5E300EEDCA6 /* FavouritePlaces.app */;
			productType = "com.apple.product-type.application";
		};
		00C2E2D0281EC5E400EEDCA6 /* FavouritePlacesTests */ = {
			isa = PBXNativeTarget;
			buildConfigurationList = 00C2E2E8281EC5E400EEDCA6 /* Build configuration list for PBXNativeTarget "FavouritePlacesTests" */;
			buildPhases = (
				00C2E2CD281EC5E400EEDCA6 /* Sources */,
				00C2E2CE281EC5E400EEDCA6 /* Frameworks */,
				00C2E2CF281EC5E400EEDCA6 /* Resources */,
			);
			buildRules = (
			);
			dependencies = (
				00C2E2D3281EC5E400EEDCA6 /* PBXTargetDependency */,
			);
			name = FavouritePlacesTests;
			productName = FavouritePlacesTests;
			productReference = 00C2E2D1281EC5E400EEDCA6 /* FavouritePlacesTests.xctest */;
			productType = "com.apple.product-type.bundle.unit-test";
		};
		00C2E2DA281EC5E400EEDCA6 /* FavouritePlacesUITests */ = {
			isa = PBXNativeTarget;
			buildConfigurationList = 00C2E2EB281EC5E400EEDCA6 /* Build configuration list for PBXNativeTarget "FavouritePlacesUITests" */;
			buildPhases = (
				00C2E2D7281EC5E400EEDCA6 /* Sources */,
				00C2E2D8281EC5E400EEDCA6 /* Frameworks */,
				00C2E2D9281EC5E400EEDCA6 /* Resources */,
			);
			buildRules = (
			);
			dependencies = (
				00C2E2DD281EC5E400EEDCA6 /* PBXTargetDependency */,
			);
			name = FavouritePlacesUITests;
			productName = FavouritePlacesUITests;
			productReference = 00C2E2DB281EC5E400EEDCA6 /* FavouritePlacesUITests.xctest */;
			productType = "com.apple.product-type.bundle.ui-testing";
		};
/* End PBXNativeTarget section */

/* Begin PBXProject section */
		00C2E2B4281EC5E300EEDCA6 /* Project object */ = {
			isa = PBXProject;
			attributes = {
				BuildIndependentTargetsInParallel = 1;
				LastSwiftUpdateCheck = 1330;
				LastUpgradeCheck = 1330;
				TargetAttributes = {
					00C2E2BB281EC5E300EEDCA6 = {
						CreatedOnToolsVersion = 13.3.1;
					};
					00C2E2D0281EC5E400EEDCA6 = {
						CreatedOnToolsVersion = 13.3.1;
						TestTargetID = 00C2E2BB281EC5E300EEDCA6;
					};
					00C2E2DA281EC5E400EEDCA6 = {
						CreatedOnToolsVersion = 13.3.1;
						TestTargetID = 00C2E2BB281EC5E300EEDCA6;
					};
				};
			};
			buildConfigurationList = 00C2E2B7281EC5E300EEDCA6 /* Build configuration list for PBXProject "FavouritePlaces" */;
			compatibilityVersion = "Xcode 13.0";
			developmentRegion = en;
			hasScannedForEncodings = 0;
			knownRegions = (
				en,
				Base,
			);
			mainGroup = 00C2E2B3281EC5E300EEDCA6;
			productRefGroup = 00C2E2BD281EC5E300EEDCA6 /* Products */;
			projectDirPath = "";
			projectRoot = "";
			targets = (
				00C2E2BB281EC5E300EEDCA6 /* FavouritePlaces */,
				00C2E2D0281EC5E400EEDCA6 /* FavouritePlacesTests */,
				00C2E2DA281EC5E400EEDCA6 /* FavouritePlacesUITests */,
			);
		};
/* End PBXProject section */

/* Begin PBXResourcesBuildPhase section */
		00C2E2BA281EC5E300EEDCA6 /* Resources */ = {
			isa = PBXResourcesBuildPhase;
			buildActionMask = 2147483647;
			files = (
				00C2E2C7281EC5E400EEDCA6 /* Preview Assets.xcassets in Resources */,
				00C2E2C4281EC5E400EEDCA6 /* Assets.xcassets in Resources */,
			);
			runOnlyForDeploymentPostprocessing = 0;
		};
		00C2E2CF281EC5E400EEDCA6 /* Resources */ = {
			isa = PBXResourcesBuildPhase;
			buildActionMask = 2147483647;
			files = (
			);
			runOnlyForDeploymentPostprocessing = 0;
		};
		00C2E2D9281EC5E400EEDCA6 /* Resources */ = {
			isa = PBXResourcesBuildPhase;
			buildActionMask = 2147483647;
			files = (
			);
			runOnlyForDeploymentPostprocessing = 0;
		};
/* End PBXResourcesBuildPhase section */

/* Begin PBXSourcesBuildPhase section */
		00C2E2B8281EC5E300EEDCA6 /* Sources */ = {
			isa = PBXSourcesBuildPhase;
			buildActionMask = 2147483647;
			files = (
				00F10243281FB2C900D223E8 /* FavouritePlaces+ViewModel.swift in Sources */,
				00F1024F281FBC3E00D223E8 /* DetailView.swift in Sources */,
				00C2E2C9281EC5E400EEDCA6 /* Persistence.swift in Sources */,
				00F1024D281FBBBD00D223E8 /* RowView.swift in Sources */,
				00F10241281FAFD300D223E8 /* MasterView.swift in Sources */,
				00C2E2CC281EC5E400EEDCA6 /* FavouritePlaces.xcdatamodeld in Sources */,
				00C2E2C2281EC5E300EEDCA6 /* ContentView.swift in Sources */,
				00C2E2C0281EC5E300EEDCA6 /* FavouritePlacesApp.swift in Sources */,
			);
			runOnlyForDeploymentPostprocessing = 0;
		};
		00C2E2CD281EC5E400EEDCA6 /* Sources */ = {
			isa = PBXSourcesBuildPhase;
			buildActionMask = 2147483647;
			files = (
				00C2E2D6281EC5E400EEDCA6 /* FavouritePlacesTests.swift in Sources */,
			);
			runOnlyForDeploymentPostprocessing = 0;
		};
		00C2E2D7281EC5E400EEDCA6 /* Sources */ = {
			isa = PBXSourcesBuildPhase;
			buildActionMask = 2147483647;
			files = (
				00C2E2E2281EC5E400EEDCA6 /* FavouritePlacesUITestsLaunchTests.swift in Sources */,
				00C2E2E0281EC5E400EEDCA6 /* FavouritePlacesUITests.swift in Sources */,
			);
			runOnlyForDeploymentPostprocessing = 0;
		};
/* End PBXSourcesBuildPhase section */

/* Begin PBXTargetDependency section */
		00C2E2D3281EC5E400EEDCA6 /* PBXTargetDependency */ = {
			isa = PBXTargetDependency;
			target = 00C2E2BB281EC5E300EEDCA6 /* FavouritePlaces */;
			targetProxy = 00C2E2D2281EC5E400EEDCA6 /* PBXContainerItemProxy */;
		};
		00C2E2DD281EC5E400EEDCA6 /* PBXTargetDependency */ = {
			isa = PBXTargetDependency;
			target = 00C2E2BB281EC5E300EEDCA6 /* FavouritePlaces */;
			targetProxy = 00C2E2DC281EC5E400EEDCA6 /* PBXContainerItemProxy */;
		};
/* End PBXTargetDependency section */

/* Begin XCBuildConfiguration section */
		00C2E2E3281EC5E400EEDCA6 /* Debug */ = {
			isa = XCBuildConfiguration;
			buildSettings = {
				ALWAYS_SEARCH_USER_PATHS = NO;
				CLANG_ANALYZER_NONNULL = YES;
				CLANG_ANALYZER_NUMBER_OBJECT_CONVERSION = YES_AGGRESSIVE;
				CLANG_CXX_LANGUAGE_STANDARD = "gnu++17";
				CLANG_ENABLE_MODULES = YES;
				CLANG_ENABLE_OBJC_ARC = YES;
				CLANG_ENABLE_OBJC_WEAK = YES;
				CLANG_WARN_BLOCK_CAPTURE_AUTORELEASING = YES;
				CLANG_WARN_BOOL_CONVERSION = YES;
				CLANG_WARN_COMMA = YES;
				CLANG_WARN_CONSTANT_CONVERSION = YES;
				CLANG_WARN_DEPRECATED_OBJC_IMPLEMENTATIONS = YES;
				CLANG_WARN_DIRECT_OBJC_ISA_USAGE = YES_ERROR;
				CLANG_WARN_DOCUMENTATION_COMMENTS = YES;
				CLANG_WARN_EMPTY_BODY = YES;
				CLANG_WARN_ENUM_CONVERSION = YES;
				CLANG_WARN_INFINITE_RECURSION = YES;
				CLANG_WARN_INT_CONVERSION = YES;
				CLANG_WARN_NON_LITERAL_NULL_CONVERSION = YES;
				CLANG_WARN_OBJC_IMPLICIT_RETAIN_SELF = YES;
				CLANG_WARN_OBJC_LITERAL_CONVERSION = YES;
				CLANG_WARN_OBJC_ROOT_CLASS = YES_ERROR;
				CLANG_WARN_QUOTED_INCLUDE_IN_FRAMEWORK_HEADER = YES;
				CLANG_WARN_RANGE_LOOP_ANALYSIS = YES;
				CLANG_WARN_STRICT_PROTOTYPES = YES;
				CLANG_WARN_SUSPICIOUS_MOVE = YES;
				CLANG_WARN_UNGUARDED_AVAILABILITY = YES_AGGRESSIVE;
				CLANG_WARN_UNREACHABLE_CODE = YES;
				CLANG_WARN__DUPLICATE_METHOD_MATCH = YES;
				COPY_PHASE_STRIP = NO;
				DEBUG_INFORMATION_FORMAT = dwarf;
				ENABLE_STRICT_OBJC_MSGSEND = YES;
				ENABLE_TESTABILITY = YES;
				GCC_C_LANGUAGE_STANDARD = gnu11;
				GCC_DYNAMIC_NO_PIC = NO;
				GCC_NO_COMMON_BLOCKS = YES;
				GCC_OPTIMIZATION_LEVEL = 0;
				GCC_PREPROCESSOR_DEFINITIONS = (
					"DEBUG=1",
					"$(inherited)",
				);
				GCC_WARN_64_TO_32_BIT_CONVERSION = YES;
				GCC_WARN_ABOUT_RETURN_TYPE = YES_ERROR;
				GCC_WARN_UNDECLARED_SELECTOR = YES;
				GCC_WARN_UNINITIALIZED_AUTOS = YES_AGGRESSIVE;
				GCC_WARN_UNUSED_FUNCTION = YES;
				GCC_WARN_UNUSED_VARIABLE = YES;
				IPHONEOS_DEPLOYMENT_TARGET = 15.4;
				MTL_ENABLE_DEBUG_INFO = INCLUDE_SOURCE;
				MTL_FAST_MATH = YES;
				ONLY_ACTIVE_ARCH = YES;
				SDKROOT = iphoneos;
				SWIFT_ACTIVE_COMPILATION_CONDITIONS = DEBUG;
				SWIFT_OPTIMIZATION_LEVEL = "-Onone";
			};
			name = Debug;
		};
		00C2E2E4281EC5E400EEDCA6 /* Release */ = {
			isa = XCBuildConfiguration;
			buildSettings = {
				ALWAYS_SEARCH_USER_PATHS = NO;
				CLANG_ANALYZER_NONNULL = YES;
				CLANG_ANALYZER_NUMBER_OBJECT_CONVERSION = YES_AGGRESSIVE;
				CLANG_CXX_LANGUAGE_STANDARD = "gnu++17";
				CLANG_ENABLE_MODULES = YES;
				CLANG_ENABLE_OBJC_ARC = YES;
				CLANG_ENABLE_OBJC_WEAK = YES;
				CLANG_WARN_BLOCK_CAPTURE_AUTORELEASING = YES;
				CLANG_WARN_BOOL_CONVERSION = YES;
				CLANG_WARN_COMMA = YES;
				CLANG_WARN_CONSTANT_CONVERSION = YES;
				CLANG_WARN_DEPRECATED_OBJC_IMPLEMENTATIONS = YES;
				CLANG_WARN_DIRECT_OBJC_ISA_USAGE = YES_ERROR;
				CLANG_WARN_DOCUMENTATION_COMMENTS = YES;
				CLANG_WARN_EMPTY_BODY = YES;
				CLANG_WARN_ENUM_CONVERSION = YES;
				CLANG_WARN_INFINITE_RECURSION = YES;
				CLANG_WARN_INT_CONVERSION = YES;
				CLANG_WARN_NON_LITERAL_NULL_CONVERSION = YES;
				CLANG_WARN_OBJC_IMPLICIT_RETAIN_SELF = YES;
				CLANG_WARN_OBJC_LITERAL_CONVERSION = YES;
				CLANG_WARN_OBJC_ROOT_CLASS = YES_ERROR;
				CLANG_WARN_QUOTED_INCLUDE_IN_FRAMEWORK_HEADER = YES;
				CLANG_WARN_RANGE_LOOP_ANALYSIS = YES;
				CLANG_WARN_STRICT_PROTOTYPES = YES;
				CLANG_WARN_SUSPICIOUS_MOVE = YES;
				CLANG_WARN_UNGUARDED_AVAILABILITY = YES_AGGRESSIVE;
				CLANG_WARN_UNREACHABLE_CODE = YES;
				CLANG_WARN__DUPLICATE_METHOD_MATCH = YES;
				COPY_PHASE_STRIP = NO;
				DEBUG_INFORMATION_FORMAT = "dwarf-with-dsym";
				ENABLE_NS_ASSERTIONS = NO;
				ENABLE_STRICT_OBJC_MSGSEND = YES;
				GCC_C_LANGUAGE_STANDARD = gnu11;
				GCC_NO_COMMON_BLOCKS = YES;
				GCC_WARN_64_TO_32_BIT_CONVERSION = YES;
				GCC_WARN_ABOUT_RETURN_TYPE = YES_ERROR;
				GCC_WARN_UNDECLARED_SELECTOR = YES;
				GCC_WARN_UNINITIALIZED_AUTOS = YES_AGGRESSIVE;
				GCC_WARN_UNUSED_FUNCTION = YES;
				GCC_WARN_UNUSED_VARIABLE = YES;
				IPHONEOS_DEPLOYMENT_TARGET = 15.4;
				MTL_ENABLE_DEBUG_INFO = NO;
				MTL_FAST_MATH = YES;
				SDKROOT = iphoneos;
				SWIFT_COMPILATION_MODE = wholemodule;
				SWIFT_OPTIMIZATION_LEVEL = "-O";
				VALIDATE_PRODUCT = YES;
			};
			name = Release;
		};
		00C2E2E6281EC5E400EEDCA6 /* Debug */ = {
			isa = XCBuildConfiguration;
			buildSettings = {
				ASSETCATALOG_COMPILER_APPICON_NAME = AppIcon;
				ASSETCATALOG_COMPILER_GLOBAL_ACCENT_COLOR_NAME = AccentColor;
				CODE_SIGN_STYLE = Automatic;
				CURRENT_PROJECT_VERSION = 1;
				DEVELOPMENT_ASSET_PATHS = "\"FavouritePlaces/Preview Content\"";
				ENABLE_PREVIEWS = YES;
				GENERATE_INFOPLIST_FILE = YES;
				INFOPLIST_KEY_UIApplicationSceneManifest_Generation = YES;
				INFOPLIST_KEY_UIApplicationSupportsIndirectInputEvents = YES;
				INFOPLIST_KEY_UILaunchScreen_Generation = YES;
				INFOPLIST_KEY_UISupportedInterfaceOrientations_iPad = "UIInterfaceOrientationPortrait UIInterfaceOrientationPortraitUpsideDown UIInterfaceOrientationLandscapeLeft UIInterfaceOrientationLandscapeRight";
				INFOPLIST_KEY_UISupportedInterfaceOrientations_iPhone = "UIInterfaceOrientationPortrait UIInterfaceOrientationLandscapeLeft UIInterfaceOrientationLandscapeRight";
				LD_RUNPATH_SEARCH_PATHS = (
					"$(inherited)",
					"@executable_path/Frameworks",
				);
				MARKETING_VERSION = 1.0;
				PRODUCT_BUNDLE_IDENTIFIER = "duwon.ha-griffithuni.edu.au.FavouritePlaces";
				PRODUCT_NAME = "$(TARGET_NAME)";
				SWIFT_EMIT_LOC_STRINGS = YES;
				SWIFT_VERSION = 5.0;
				TARGETED_DEVICE_FAMILY = "1,2";
			};
			name = Debug;
		};
		00C2E2E7281EC5E400EEDCA6 /* Release */ = {
			isa = XCBuildConfiguration;
			buildSettings = {
				ASSETCATALOG_COMPILER_APPICON_NAME = AppIcon;
				ASSETCATALOG_COMPILER_GLOBAL_ACCENT_COLOR_NAME = AccentColor;
				CODE_SIGN_STYLE = Automatic;
				CURRENT_PROJECT_VERSION = 1;
				DEVELOPMENT_ASSET_PATHS = "\"FavouritePlaces/Preview Content\"";
				ENABLE_PREVIEWS = YES;
				GENERATE_INFOPLIST_FILE = YES;
				INFOPLIST_KEY_UIApplicationSceneManifest_Generation = YES;
				INFOPLIST_KEY_UIApplicationSupportsIndirectInputEvents = YES;
				INFOPLIST_KEY_UILaunchScreen_Generation = YES;
				INFOPLIST_KEY_UISupportedInterfaceOrientations_iPad = "UIInterfaceOrientationPortrait UIInterfaceOrientationPortraitUpsideDown UIInterfaceOrientationLandscapeLeft UIInterfaceOrientationLandscapeRight";
				INFOPLIST_KEY_UISupportedInterfaceOrientations_iPhone = "UIInterfaceOrientationPortrait UIInterfaceOrientationLandscapeLeft UIInterfaceOrientationLandscapeRight";
				LD_RUNPATH_SEARCH_PATHS = (
					"$(inherited)",
					"@executable_path/Frameworks",
				);
				MARKETING_VERSION = 1.0;
				PRODUCT_BUNDLE_IDENTIFIER = "duwon.ha-griffithuni.edu.au.FavouritePlaces";
				PRODUCT_NAME = "$(TARGET_NAME)";
				SWIFT_EMIT_LOC_STRINGS = YES;
				SWIFT_VERSION = 5.0;
				TARGETED_DEVICE_FAMILY = "1,2";
			};
			name = Release;
		};
		00C2E2E9281EC5E400EEDCA6 /* Debug */ = {
			isa = XCBuildConfiguration;
			buildSettings = {
				ALWAYS_EMBED_SWIFT_STANDARD_LIBRARIES = YES;
				BUNDLE_LOADER = "$(TEST_HOST)";
				CODE_SIGN_STYLE = Automatic;
				CURRENT_PROJECT_VERSION = 1;
				GENERATE_INFOPLIST_FILE = YES;
				IPHONEOS_DEPLOYMENT_TARGET = 15.4;
				MARKETING_VERSION = 1.0;
				PRODUCT_BUNDLE_IDENTIFIER = "duwon.ha-griffithuni.edu.au.FavouritePlacesTests";
				PRODUCT_NAME = "$(TARGET_NAME)";
				SWIFT_EMIT_LOC_STRINGS = NO;
				SWIFT_VERSION = 5.0;
				TARGETED_DEVICE_FAMILY = "1,2";
				TEST_HOST = "$(BUILT_PRODUCTS_DIR)/FavouritePlaces.app/FavouritePlaces";
			};
			name = Debug;
		};
		00C2E2EA281EC5E400EEDCA6 /* Release */ = {
			isa = XCBuildConfiguration;
			buildSettings = {
				ALWAYS_EMBED_SWIFT_STANDARD_LIBRARIES = YES;
				BUNDLE_LOADER = "$(TEST_HOST)";
				CODE_SIGN_STYLE = Automatic;
				CURRENT_PROJECT_VERSION = 1;
				GENERATE_INFOPLIST_FILE = YES;
				IPHONEOS_DEPLOYMENT_TARGET = 15.4;
				MARKETING_VERSION = 1.0;
				PRODUCT_BUNDLE_IDENTIFIER = "duwon.ha-griffithuni.edu.au.FavouritePlacesTests";
				PRODUCT_NAME = "$(TARGET_NAME)";
				SWIFT_EMIT_LOC_STRINGS = NO;
				SWIFT_VERSION = 5.0;
				TARGETED_DEVICE_FAMILY = "1,2";
				TEST_HOST = "$(BUILT_PRODUCTS_DIR)/FavouritePlaces.app/FavouritePlaces";
			};
			name = Release;
		};
		00C2E2EC281EC5E400EEDCA6 /* Debug */ = {
			isa = XCBuildConfiguration;
			buildSettings = {
				ALWAYS_EMBED_SWIFT_STANDARD_LIBRARIES = YES;
				CODE_SIGN_STYLE = Automatic;
				CURRENT_PROJECT_VERSION = 1;
				GENERATE_INFOPLIST_FILE = YES;
				MARKETING_VERSION = 1.0;
				PRODUCT_BUNDLE_IDENTIFIER = "duwon.ha-griffithuni.edu.au.FavouritePlacesUITests";
				PRODUCT_NAME = "$(TARGET_NAME)";
				SWIFT_EMIT_LOC_STRINGS = NO;
				SWIFT_VERSION = 5.0;
				TARGETED_DEVICE_FAMILY = "1,2";
				TEST_TARGET_NAME = FavouritePlaces;
			};
			name = Debug;
		};
		00C2E2ED281EC5E400EEDCA6 /* Release */ = {
			isa = XCBuildConfiguration;
			buildSettings = {
				ALWAYS_EMBED_SWIFT_STANDARD_LIBRARIES = YES;
				CODE_SIGN_STYLE = Automatic;
				CURRENT_PROJECT_VERSION = 1;
				GENERATE_INFOPLIST_FILE = YES;
				MARKETING_VERSION = 1.0;
				PRODUCT_BUNDLE_IDENTIFIER = "duwon.ha-griffithuni.edu.au.FavouritePlacesUITests";
				PRODUCT_NAME = "$(TARGET_NAME)";
				SWIFT_EMIT_LOC_STRINGS = NO;
				SWIFT_VERSION = 5.0;
				TARGETED_DEVICE_FAMILY = "1,2";
				TEST_TARGET_NAME = FavouritePlaces;
			};
			name = Release;
		};
/* End XCBuildConfiguration section */

/* Begin XCConfigurationList section */
		00C2E2B7281EC5E300EEDCA6 /* Build configuration list for PBXProject "FavouritePlaces" */ = {
			isa = XCConfigurationList;
			buildConfigurations = (
				00C2E2E3281EC5E400EEDCA6 /* Debug */,
				00C2E2E4281EC5E400EEDCA6 /* Release */,
			);
			defaultConfigurationIsVisible = 0;
			defaultConfigurationName = Release;
		};
		00C2E2E5281EC5E400EEDCA6 /* Build configuration list for PBXNativeTarget "FavouritePlaces" */ = {
			isa = XCConfigurationList;
			buildConfigurations = (
				00C2E2E6281EC5E400EEDCA6 /* Debug */,
				00C2E2E7281EC5E400EEDCA6 /* Release */,
			);
			defaultConfigurationIsVisible = 0;
			defaultConfigurationName = Release;
		};
		00C2E2E8281EC5E400EEDCA6 /* Build configuration list for PBXNativeTarget "FavouritePlacesTests" */ = {
			isa = XCConfigurationList;
			buildConfigurations = (
				00C2E2E9281EC5E400EEDCA6 /* Debug */,
				00C2E2EA281EC5E400EEDCA6 /* Release */,
			);
			defaultConfigurationIsVisible = 0;
			defaultConfigurationName = Release;
		};
		00C2E2EB281EC5E400EEDCA6 /* Build configuration list for PBXNativeTarget "FavouritePlacesUITests" */ = {
			isa = XCConfigurationList;
			buildConfigurations = (
				00C2E2EC281EC5E400EEDCA6 /* Debug */,
				00C2E2ED281EC5E400EEDCA6 /* Release */,
			);
			defaultConfigurationIsVisible = 0;
			defaultConfigurationName = Release;
		};
/* End XCConfigurationList section */

/* Begin XCVersionGroup section */
		00C2E2CA281EC5E400EEDCA6 /* FavouritePlaces.xcdatamodeld */ = {
			isa = XCVersionGroup;
			children = (
				00C2E2CB281EC5E400EEDCA6 /* FavouritePlaces.xcdatamodel */,
			);
			currentVersion = 00C2E2CB281EC5E400EEDCA6 /* FavouritePlaces.xcdatamodel */;
			path = FavouritePlaces.xcdatamodeld;
			sourceTree = "<group>";
			versionGroupType = wrapper.xcdatamodel;
		};
/* End XCVersionGroup section */
	};
	rootObject = 00C2E2B4281EC5E300EEDCA6 /* Project object */;
}
